
Microsoft Visual Studio Solution File, Format Version 11.00
# Visual Studio 2010
Project("{FAE04EC0-301F-11D3-BF4B-00C04F79EFBC}") = "UnityEngine.UI", "UnityEngine.UI.csproj", "{b01ceeda-ea10-4546-1426-5a45b4cd4c1b}"
EndProject
Project("{FAE04EC0-301F-11D3-BF4B-00C04F79EFBC}") = "Unity.RenderPipelines.Core.Runtime", "Unity.RenderPipelines.Core.Runtime.csproj", "{173e0e53-c6df-8540-b865-105a3528b6ff}"
EndProject
Project("{FAE04EC0-301F-11D3-BF4B-00C04F79EFBC}") = "Unity.Services.Core.Telemetry", "Unity.Services.Core.Telemetry.csproj", "{41401532-919f-ae2c-f570-0ab7abcb03ef}"
EndProject
Project("{FAE04EC0-301F-11D3-BF4B-00C04F79EFBC}") = "UnityEngine.TestRunner", "UnityEngine.TestRunner.csproj", "{2be95b75-8698-19a2-671f-6ad779d4f48d}"
EndProject
Project("{FAE04EC0-301F-11D3-BF4B-00C04F79EFBC}") = "Unity.VisualScripting.State", "Unity.VisualScripting.State.csproj", "{b04ba671-5dda-d0a6-24e8-d9d376e4ae1a}"
EndProject
Project("{FAE04EC0-301F-11D3-BF4B-00C04F79EFBC}") = "Unity.RenderPipelines.Universal.Runtime", "Unity.RenderPipelines.Universal.Runtime.csproj", "{03c6fca0-b206-238b-b21d-66dc39c703bf}"
EndProject
Project("{FAE04EC0-301F-11D3-BF4B-00C04F79EFBC}") = "Unity.Postprocessing.Runtime", "Unity.Postprocessing.Runtime.csproj", "{a1e02c66-f964-397c-c0a6-13c6d12ebac6}"
EndProject
Project("{FAE04EC0-301F-11D3-BF4B-00C04F79EFBC}") = "Unity.VisualScripting.Flow", "Unity.VisualScripting.Flow.csproj", "{51edd835-64c5-5345-0f3a-0110e510d3d2}"
EndProject
Project("{FAE04EC0-301F-11D3-BF4B-00C04F79EFBC}") = "Unity.VisualScripting.Core", "Unity.VisualScripting.Core.csproj", "{1f9aa43d-8fda-2a19-7813-257e4b5e4de1}"
EndProject
Project("{FAE04EC0-301F-11D3-BF4B-00C04F79EFBC}") = "Unity.Services.Core.Environments.Internal", "Unity.Services.Core.Environments.Internal.csproj", "{66d12f77-037f-70d3-bb4c-61cbe9ed0e40}"
EndProject
Project("{FAE04EC0-301F-11D3-BF4B-00C04F79EFBC}") = "Unity.AI.Navigation", "Unity.AI.Navigation.csproj", "{7d0a32a0-96ad-d11d-7df2-49086d089993}"
EndProject
Project("{FAE04EC0-301F-11D3-BF4B-00C04F79EFBC}") = "Unity.TextMeshPro", "Unity.TextMeshPro.csproj", "{ce5ee86d-b496-045c-42ad-7ae908b01aeb}"
EndProject
Project("{FAE04EC0-301F-11D3-BF4B-00C04F79EFBC}") = "Unity.Burst", "Unity.Burst.csproj", "{02a72d1e-7599-fcd7-9950-5f1415df6382}"
EndProject
Project("{FAE04EC0-301F-11D3-BF4B-00C04F79EFBC}") = "Unity.RenderPipeline.Universal.ShaderLibrary", "Unity.RenderPipeline.Universal.ShaderLibrary.csproj", "{1e82f59b-141a-f1e9-3dcb-611aa5c429e5}"
EndProject
Project("{FAE04EC0-301F-11D3-BF4B-00C04F79EFBC}") = "Unity.Services.Core.Environments", "Unity.Services.Core.Environments.csproj", "{132c1e8c-5bd5-ffd4-f7ee-6efc92c67064}"
EndProject
Project("{FAE04EC0-301F-11D3-BF4B-00C04F79EFBC}") = "Assembly-CSharp", "Assembly-CSharp.csproj", "{4a5c8c96-d0a7-fc70-f2ce-69ab58841afe}"
EndProject
Project("{FAE04EC0-301F-11D3-BF4B-00C04F79EFBC}") = "Unity.ProBuilder.Poly2Tri", "Unity.ProBuilder.Poly2Tri.csproj", "{de5667c5-1a02-2072-3a04-a089671e7b15}"
EndProject
Project("{FAE04EC0-301F-11D3-BF4B-00C04F79EFBC}") = "Unity.Services.Core.Internal", "Unity.Services.Core.Internal.csproj", "{d8e83298-5627-b6c4-10a6-ee8cd12bddf9}"
EndProject
Project("{FAE04EC0-301F-11D3-BF4B-00C04F79EFBC}") = "Unity.ProBuilder", "Unity.ProBuilder.csproj", "{ba6ee213-0eea-5dc0-91bf-73f5213f0fd1}"
EndProject
Project("{FAE04EC0-301F-11D3-BF4B-00C04F79EFBC}") = "Unity.Timeline", "Unity.Timeline.csproj", "{6514d91c-7368-a226-c1f2-0bddf8f1477d}"
EndProject
Project("{FAE04EC0-301F-11D3-BF4B-00C04F79EFBC}") = "Unity.Mathematics", "Unity.Mathematics.csproj", "{6465e830-51ef-6ccf-d06a-119d38dbb374}"
EndProject
Project("{FAE04EC0-301F-11D3-BF4B-00C04F79EFBC}") = "Unity.ProGrids", "Unity.ProGrids.csproj", "{91424091-13bc-239d-adaf-33bf63d82285}"
EndProject
Project("{FAE04EC0-301F-11D3-BF4B-00C04F79EFBC}") = "Unity.VisualEffectGraph.Runtime", "Unity.VisualEffectGraph.Runtime.csproj", "{0a92b6c4-122a-3ba0-f873-857dd2921e9a}"
EndProject
Project("{FAE04EC0-301F-11D3-BF4B-00C04F79EFBC}") = "Unity.Services.Core.Scheduler", "Unity.Services.Core.Scheduler.csproj", "{fcf12d59-e4fe-2f83-9257-4ac3a4ea447e}"
EndProject
Project("{FAE04EC0-301F-11D3-BF4B-00C04F79EFBC}") = "Unity.Services.Core.Device", "Unity.Services.Core.Device.csproj", "{d70bfd15-f70d-57bd-f5d7-7d4412268d68}"
EndProject
Project("{FAE04EC0-301F-11D3-BF4B-00C04F79EFBC}") = "Unity.Services.Core.Analytics", "Unity.Services.Core.Analytics.csproj", "{85ea9bf5-4fb8-337d-9de3-4aa6acfbe025}"
EndProject
Project("{FAE04EC0-301F-11D3-BF4B-00C04F79EFBC}") = "Unity.ProBuilder.KdTree", "Unity.ProBuilder.KdTree.csproj", "{d6d3180d-2343-5150-c591-6538f5cd60f0}"
EndProject
Project("{FAE04EC0-301F-11D3-BF4B-00C04F79EFBC}") = "Unity.Services.Core.Threading", "Unity.Services.Core.Threading.csproj", "{ad03b43f-a670-2e1e-a46f-86452981c6f9}"
EndProject
Project("{FAE04EC0-301F-11D3-BF4B-00C04F79EFBC}") = "Unity.Services.Core.Configuration", "Unity.Services.Core.Configuration.csproj", "{63783a78-c443-be1c-81b2-5e81b183f2df}"
EndProject
Project("{FAE04EC0-301F-11D3-BF4B-00C04F79EFBC}") = "Unity.Services.Core", "Unity.Services.Core.csproj", "{ad2485dd-a817-f531-25ff-f77ad419aa37}"
EndProject
Project("{FAE04EC0-301F-11D3-BF4B-00C04F79EFBC}") = "Unity.Services.Core.Networking", "Unity.Services.Core.Networking.csproj", "{ecc3bdd6-919f-a509-f4d4-6b5cdf96ae3b}"
EndProject
Project("{FAE04EC0-301F-11D3-BF4B-00C04F79EFBC}") = "Unity.Services.Core.Registration", "Unity.Services.Core.Registration.csproj", "{34a0199d-fffa-4a86-3533-6e28c5d95baa}"
EndProject
Project("{FAE04EC0-301F-11D3-BF4B-00C04F79EFBC}") = "Unity.ProBuilder.Csg", "Unity.ProBuilder.Csg.csproj", "{c5734177-73c1-02a7-e38b-970722e8541e}"
EndProject
Project("{FAE04EC0-301F-11D3-BF4B-00C04F79EFBC}") = "Unity.ProBuilder.Stl", "Unity.ProBuilder.Stl.csproj", "{d33ca22c-8f89-b0e4-429b-1f5d3d8fd203}"
EndProject
Project("{FAE04EC0-301F-11D3-BF4B-00C04F79EFBC}") = "Unity.RenderPipelines.ShaderGraph.ShaderGraphLibrary", "Unity.RenderPipelines.ShaderGraph.ShaderGraphLibrary.csproj", "{bc947e3a-1e85-078b-62f7-d1ffed66b759}"
EndProject
Project("{FAE04EC0-301F-11D3-BF4B-00C04F79EFBC}") = "Unity.RenderPipelines.Core.ShaderLibrary", "Unity.RenderPipelines.Core.ShaderLibrary.csproj", "{53d882d5-9707-82a8-d134-47a14b4d042a}"
EndProject
Project("{FAE04EC0-301F-11D3-BF4B-00C04F79EFBC}") = "Unity.RenderPipelines.Universal.Shaders", "Unity.RenderPipelines.Universal.Shaders.csproj", "{bbe96f5e-8ebf-2002-be88-5803f029fca1}"
EndProject
Project("{FAE04EC0-301F-11D3-BF4B-00C04F79EFBC}") = "Unity.PlasticSCM.Editor", "Unity.PlasticSCM.Editor.csproj", "{7b44074c-8054-bd0e-386a-67de99bc1d96}"
EndProject
Project("{FAE04EC0-301F-11D3-BF4B-00C04F79EFBC}") = "Unity.VisualScripting.Core.Editor", "Unity.VisualScripting.Core.Editor.csproj", "{6aec089a-596c-129a-7634-54850482ba35}"
EndProject
Project("{FAE04EC0-301F-11D3-BF4B-00C04F79EFBC}") = "Unity.ShaderGraph.Editor", "Unity.ShaderGraph.Editor.csproj", "{457e9823-04dc-2f58-8a38-c456bb164828}"
EndProject
Project("{FAE04EC0-301F-11D3-BF4B-00C04F79EFBC}") = "Unity.Timeline.Editor", "Unity.Timeline.Editor.csproj", "{e3b5a158-a2ed-1aeb-e7bb-ac99d82f0c54}"
EndProject
Project("{FAE04EC0-301F-11D3-BF4B-00C04F79EFBC}") = "Unity.ProBuilder.Editor", "Unity.ProBuilder.Editor.csproj", "{8697c4bf-0ed1-4d19-66d1-4479ce8fb4cd}"
EndProject
Project("{FAE04EC0-301F-11D3-BF4B-00C04F79EFBC}") = "Unity.VisualEffectGraph.Editor", "Unity.VisualEffectGraph.Editor.csproj", "{1492914d-2980-b5e5-0af5-5ed1d53efbf1}"
EndProject
Project("{FAE04EC0-301F-11D3-BF4B-00C04F79EFBC}") = "Unity.RenderPipelines.Universal.Editor", "Unity.RenderPipelines.Universal.Editor.csproj", "{29cb7320-4c5e-dc93-4984-76753300a035}"
EndProject
Project("{FAE04EC0-301F-11D3-BF4B-00C04F79EFBC}") = "Unity.TextMeshPro.Editor", "Unity.TextMeshPro.Editor.csproj", "{a7033c1e-8832-8969-c2ec-63f58c8a1ac0}"
EndProject
Project("{FAE04EC0-301F-11D3-BF4B-00C04F79EFBC}") = "Unity.VisualScripting.SettingsProvider.Editor", "Unity.VisualScripting.SettingsProvider.Editor.csproj", "{e1c9901f-d7b1-e77a-84bb-515c59d6026a}"
EndProject
Project("{FAE04EC0-301F-11D3-BF4B-00C04F79EFBC}") = "UnityEditor.TestRunner", "UnityEditor.TestRunner.csproj", "{7970f6d7-6069-8b3b-ffad-425adcad0c79}"
EndProject
Project("{FAE04EC0-301F-11D3-BF4B-00C04F79EFBC}") = "Unity.TestTools.CodeCoverage.Editor", "Unity.TestTools.CodeCoverage.Editor.csproj", "{ec4fc860-20ba-aaad-1020-be77615e6d96}"
EndProject
Project("{FAE04EC0-301F-11D3-BF4B-00C04F79EFBC}") = "Unity.VisualScripting.Flow.Editor", "Unity.VisualScripting.Flow.Editor.csproj", "{c329a858-9221-0494-423f-4ee0a42c50e8}"
EndProject
Project("{FAE04EC0-301F-11D3-BF4B-00C04F79EFBC}") = "Unity.Rider.Editor", "Unity.Rider.Editor.csproj", "{993d330f-b09c-5bba-f81a-77972b9198d0}"
EndProject
Project("{FAE04EC0-301F-11D3-BF4B-00C04F79EFBC}") = "Unity.CollabProxy.Editor", "Unity.CollabProxy.Editor.csproj", "{c311a7d9-26f0-a5bc-0ac9-f13a91add04f}"
EndProject
Project("{FAE04EC0-301F-11D3-BF4B-00C04F79EFBC}") = "Unity.Performance.Profile-Analyzer.Editor", "Unity.Performance.Profile-Analyzer.Editor.csproj", "{65b0519d-5dd6-7338-3ced-46505b939a7b}"
EndProject
Project("{FAE04EC0-301F-11D3-BF4B-00C04F79EFBC}") = "Unity.RenderPipelines.Core.Editor", "Unity.RenderPipelines.Core.Editor.csproj", "{aa1cc24a-9b95-fec0-6eaf-0b6bddb4e9df}"
EndProject
Project("{FAE04EC0-301F-11D3-BF4B-00C04F79EFBC}") = "Unity.Services.Core.Editor", "Unity.Services.Core.Editor.csproj", "{87b29fea-4451-cf5f-1a9b-9b73a8a5c37d}"
EndProject
Project("{FAE04EC0-301F-11D3-BF4B-00C04F79EFBC}") = "Unity.Postprocessing.Editor", "Unity.Postprocessing.Editor.csproj", "{b9e465bc-b80e-f068-4dd5-7f73b8ed12f8}"
EndProject
Project("{FAE04EC0-301F-11D3-BF4B-00C04F79EFBC}") = "Unity.Burst.CodeGen", "Unity.Burst.CodeGen.csproj", "{850c3af8-0034-b66c-87ea-06aa14853243}"
EndProject
Project("{FAE04EC0-301F-11D3-BF4B-00C04F79EFBC}") = "Unity.VSCode.Editor", "Unity.VSCode.Editor.csproj", "{2761d976-0f7c-661b-044a-a53f8ad8b513}"
EndProject
Project("{FAE04EC0-301F-11D3-BF4B-00C04F79EFBC}") = "Unity.VisualStudio.Editor", "Unity.VisualStudio.Editor.csproj", "{f297e99c-631c-6c6e-c01c-cfc7dddb9271}"
EndProject
Project("{FAE04EC0-301F-11D3-BF4B-00C04F79EFBC}") = "Unity.TestTools.CodeCoverage.Editor.OpenCover.Model", "Unity.TestTools.CodeCoverage.Editor.OpenCover.Model.csproj", "{49ff1179-e0e9-06cc-b2dc-34ce75221a49}"
EndProject
Project("{FAE04EC0-301F-11D3-BF4B-00C04F79EFBC}") = "Unity.Settings.Editor", "Unity.Settings.Editor.csproj", "{5757245b-0498-c7f6-6af6-6e619ef5b306}"
EndProject
Project("{FAE04EC0-301F-11D3-BF4B-00C04F79EFBC}") = "PPv2URPConverters", "PPv2URPConverters.csproj", "{344e6235-82b0-3a80-776d-0e98ecb6acaf}"
EndProject
Project("{FAE04EC0-301F-11D3-BF4B-00C04F79EFBC}") = "Unity.VisualScripting.State.Editor", "Unity.VisualScripting.State.Editor.csproj", "{8b75a4e9-94f3-ad06-f2d3-6ba0d98aa97c}"
EndProject
Project("{FAE04EC0-301F-11D3-BF4B-00C04F79EFBC}") = "UnityEditor.UI", "UnityEditor.UI.csproj", "{cee1e085-3b6c-90db-3609-2c4b57043284}"
EndProject
Project("{FAE04EC0-301F-11D3-BF4B-00C04F79EFBC}") = "Unity.Searcher.Editor", "Unity.Searcher.Editor.csproj", "{3f822566-b4e9-556e-30fe-efbaf9fca0fb}"
EndProject
Project("{FAE04EC0-301F-11D3-BF4B-00C04F79EFBC}") = "Unity.Services.Core.Configuration.Editor", "Unity.Services.Core.Configuration.Editor.csproj", "{922dc01b-dae2-f7fc-d8a9-d9634a9f7f78}"
EndProject
Project("{FAE04EC0-301F-11D3-BF4B-00C04F79EFBC}") = "Unity.ProGrids.Editor", "Unity.ProGrids.Editor.csproj", "{c1f73a04-b2b2-3e35-a0c0-4e0eed45f05d}"
EndProject
Project("{FAE04EC0-301F-11D3-BF4B-00C04F79EFBC}") = "Unity.Burst.Editor", "Unity.Burst.Editor.csproj", "{9b97e65a-6d56-3f96-2a31-10ba627d0a67}"
EndProject
Project("{FAE04EC0-301F-11D3-BF4B-00C04F79EFBC}") = "Unity.ProBuilder.AssetIdRemapUtility", "Unity.ProBuilder.AssetIdRemapUtility.csproj", "{f63fa941-cb16-476e-5ea7-4fd84de80e64}"
EndProject
Project("{FAE04EC0-301F-11D3-BF4B-00C04F79EFBC}") = "Unity.ShaderGraph.Utilities", "Unity.ShaderGraph.Utilities.csproj", "{07bd4126-2ce2-02e1-f1c9-70eacbae1790}"
EndProject
Project("{FAE04EC0-301F-11D3-BF4B-00C04F79EFBC}") = "Unity.Mathematics.Editor", "Unity.Mathematics.Editor.csproj", "{eb2f4e2f-7cc8-ea41-7f27-aa47ce910739}"
EndProject
Project("{FAE04EC0-301F-11D3-BF4B-00C04F79EFBC}") = "Unity.TestTools.CodeCoverage.Editor.OpenCover.Mono.Reflection", "Unity.TestTools.CodeCoverage.Editor.OpenCover.Mono.Reflection.csproj", "{574a9539-468c-5069-1f35-2ec82bcf0490}"
EndProject
Project("{FAE04EC0-301F-11D3-BF4B-00C04F79EFBC}") = "Unity.ProBuilder.AddOns.Editor", "Unity.ProBuilder.AddOns.Editor.csproj", "{ae630e41-40f6-f700-eedc-85217cc9a49a}"
EndProject
Project("{FAE04EC0-301F-11D3-BF4B-00C04F79EFBC}") = "Unity.AI.Navigation.Editor", "Unity.AI.Navigation.Editor.csproj", "{3db33308-5d75-fdc6-f19e-3ec930f6c5c5}"
EndProject
Project("{FAE04EC0-301F-11D3-BF4B-00C04F79EFBC}") = "Unity.EditorCoroutines.Editor", "Unity.EditorCoroutines.Editor.csproj", "{56836a2f-c2e6-092b-9109-ed62921f55bc}"
EndProject
Project("{FAE04EC0-301F-11D3-BF4B-00C04F79EFBC}") = "Unity.VisualScripting.Shared.Editor", "Unity.VisualScripting.Shared.Editor.csproj", "{6e67dc4b-19c4-c555-dfaf-c2ad5192664f}"
EndProject
Global
	GlobalSection(SolutionConfigurationPlatforms) = preSolution
		Debug|Any CPU = Debug|Any CPU
	EndGlobalSection
	GlobalSection(ProjectConfigurationPlatforms) = postSolution
		{b01ceeda-ea10-4546-1426-5a45b4cd4c1b}.Debug|Any CPU.ActiveCfg = Debug|Any CPU
		{b01ceeda-ea10-4546-1426-5a45b4cd4c1b}.Debug|Any CPU.Build.0 = Debug|Any CPU
		{173e0e53-c6df-8540-b865-105a3528b6ff}.Debug|Any CPU.ActiveCfg = Debug|Any CPU
		{173e0e53-c6df-8540-b865-105a3528b6ff}.Debug|Any CPU.Build.0 = Debug|Any CPU
		{41401532-919f-ae2c-f570-0ab7abcb03ef}.Debug|Any CPU.ActiveCfg = Debug|Any CPU
		{41401532-919f-ae2c-f570-0ab7abcb03ef}.Debug|Any CPU.Build.0 = Debug|Any CPU
		{2be95b75-8698-19a2-671f-6ad779d4f48d}.Debug|Any CPU.ActiveCfg = Debug|Any CPU
		{2be95b75-8698-19a2-671f-6ad779d4f48d}.Debug|Any CPU.Build.0 = Debug|Any CPU
		{b04ba671-5dda-d0a6-24e8-d9d376e4ae1a}.Debug|Any CPU.ActiveCfg = Debug|Any CPU
		{b04ba671-5dda-d0a6-24e8-d9d376e4ae1a}.Debug|Any CPU.Build.0 = Debug|Any CPU
		{03c6fca0-b206-238b-b21d-66dc39c703bf}.Debug|Any CPU.ActiveCfg = Debug|Any CPU
		{03c6fca0-b206-238b-b21d-66dc39c703bf}.Debug|Any CPU.Build.0 = Debug|Any CPU
		{a1e02c66-f964-397c-c0a6-13c6d12ebac6}.Debug|Any CPU.ActiveCfg = Debug|Any CPU
		{a1e02c66-f964-397c-c0a6-13c6d12ebac6}.Debug|Any CPU.Build.0 = Debug|Any CPU
		{51edd835-64c5-5345-0f3a-0110e510d3d2}.Debug|Any CPU.ActiveCfg = Debug|Any CPU
		{51edd835-64c5-5345-0f3a-0110e510d3d2}.Debug|Any CPU.Build.0 = Debug|Any CPU
		{1f9aa43d-8fda-2a19-7813-257e4b5e4de1}.Debug|Any CPU.ActiveCfg = Debug|Any CPU
		{1f9aa43d-8fda-2a19-7813-257e4b5e4de1}.Debug|Any CPU.Build.0 = Debug|Any CPU
		{66d12f77-037f-70d3-bb4c-61cbe9ed0e40}.Debug|Any CPU.ActiveCfg = Debug|Any CPU
		{66d12f77-037f-70d3-bb4c-61cbe9ed0e40}.Debug|Any CPU.Build.0 = Debug|Any CPU
		{7d0a32a0-96ad-d11d-7df2-49086d089993}.Debug|Any CPU.ActiveCfg = Debug|Any CPU
		{7d0a32a0-96ad-d11d-7df2-49086d089993}.Debug|Any CPU.Build.0 = Debug|Any CPU
		{ce5ee86d-b496-045c-42ad-7ae908b01aeb}.Debug|Any CPU.ActiveCfg = Debug|Any CPU
		{ce5ee86d-b496-045c-42ad-7ae908b01aeb}.Debug|Any CPU.Build.0 = Debug|Any CPU
		{02a72d1e-7599-fcd7-9950-5f1415df6382}.Debug|Any CPU.ActiveCfg = Debug|Any CPU
		{02a72d1e-7599-fcd7-9950-5f1415df6382}.Debug|Any CPU.Build.0 = Debug|Any CPU
		{1e82f59b-141a-f1e9-3dcb-611aa5c429e5}.Debug|Any CPU.ActiveCfg = Debug|Any CPU
		{1e82f59b-141a-f1e9-3dcb-611aa5c429e5}.Debug|Any CPU.Build.0 = Debug|Any CPU
		{132c1e8c-5bd5-ffd4-f7ee-6efc92c67064}.Debug|Any CPU.ActiveCfg = Debug|Any CPU
		{132c1e8c-5bd5-ffd4-f7ee-6efc92c67064}.Debug|Any CPU.Build.0 = Debug|Any CPU
		{4a5c8c96-d0a7-fc70-f2ce-69ab58841afe}.Debug|Any CPU.ActiveCfg = Debug|Any CPU
		{4a5c8c96-d0a7-fc70-f2ce-69ab58841afe}.Debug|Any CPU.Build.0 = Debug|Any CPU
		{de5667c5-1a02-2072-3a04-a089671e7b15}.Debug|Any CPU.ActiveCfg = Debug|Any CPU
		{de5667c5-1a02-2072-3a04-a089671e7b15}.Debug|Any CPU.Build.0 = Debug|Any CPU
		{d8e83298-5627-b6c4-10a6-ee8cd12bddf9}.Debug|Any CPU.ActiveCfg = Debug|Any CPU
		{d8e83298-5627-b6c4-10a6-ee8cd12bddf9}.Debug|Any CPU.Build.0 = Debug|Any CPU
		{ba6ee213-0eea-5dc0-91bf-73f5213f0fd1}.Debug|Any CPU.ActiveCfg = Debug|Any CPU
		{ba6ee213-0eea-5dc0-91bf-73f5213f0fd1}.Debug|Any CPU.Build.0 = Debug|Any CPU
		{6514d91c-7368-a226-c1f2-0bddf8f1477d}.Debug|Any CPU.ActiveCfg = Debug|Any CPU
		{6514d91c-7368-a226-c1f2-0bddf8f1477d}.Debug|Any CPU.Build.0 = Debug|Any CPU
		{6465e830-51ef-6ccf-d06a-119d38dbb374}.Debug|Any CPU.ActiveCfg = Debug|Any CPU
		{6465e830-51ef-6ccf-d06a-119d38dbb374}.Debug|Any CPU.Build.0 = Debug|Any CPU
		{91424091-13bc-239d-adaf-33bf63d82285}.Debug|Any CPU.ActiveCfg = Debug|Any CPU
		{91424091-13bc-239d-adaf-33bf63d82285}.Debug|Any CPU.Build.0 = Debug|Any CPU
		{0a92b6c4-122a-3ba0-f873-857dd2921e9a}.Debug|Any CPU.ActiveCfg = Debug|Any CPU
		{0a92b6c4-122a-3ba0-f873-857dd2921e9a}.Debug|Any CPU.Build.0 = Debug|Any CPU
		{fcf12d59-e4fe-2f83-9257-4ac3a4ea447e}.Debug|Any CPU.ActiveCfg = Debug|Any CPU
		{fcf12d59-e4fe-2f83-9257-4ac3a4ea447e}.Debug|Any CPU.Build.0 = Debug|Any CPU
		{d70bfd15-f70d-57bd-f5d7-7d4412268d68}.Debug|Any CPU.ActiveCfg = Debug|Any CPU
		{d70bfd15-f70d-57bd-f5d7-7d4412268d68}.Debug|Any CPU.Build.0 = Debug|Any CPU
		{85ea9bf5-4fb8-337d-9de3-4aa6acfbe025}.Debug|Any CPU.ActiveCfg = Debug|Any CPU
		{85ea9bf5-4fb8-337d-9de3-4aa6acfbe025}.Debug|Any CPU.Build.0 = Debug|Any CPU
		{d6d3180d-2343-5150-c591-6538f5cd60f0}.Debug|Any CPU.ActiveCfg = Debug|Any CPU
		{d6d3180d-2343-5150-c591-6538f5cd60f0}.Debug|Any CPU.Build.0 = Debug|Any CPU
		{ad03b43f-a670-2e1e-a46f-86452981c6f9}.Debug|Any CPU.ActiveCfg = Debug|Any CPU
		{ad03b43f-a670-2e1e-a46f-86452981c6f9}.Debug|Any CPU.Build.0 = Debug|Any CPU
		{63783a78-c443-be1c-81b2-5e81b183f2df}.Debug|Any CPU.ActiveCfg = Debug|Any CPU
		{63783a78-c443-be1c-81b2-5e81b183f2df}.Debug|Any CPU.Build.0 = Debug|Any CPU
		{ad2485dd-a817-f531-25ff-f77ad419aa37}.Debug|Any CPU.ActiveCfg = Debug|Any CPU
		{ad2485dd-a817-f531-25ff-f77ad419aa37}.Debug|Any CPU.Build.0 = Debug|Any CPU
		{ecc3bdd6-919f-a509-f4d4-6b5cdf96ae3b}.Debug|Any CPU.ActiveCfg = Debug|Any CPU
		{ecc3bdd6-919f-a509-f4d4-6b5cdf96ae3b}.Debug|Any CPU.Build.0 = Debug|Any CPU
		{34a0199d-fffa-4a86-3533-6e28c5d95baa}.Debug|Any CPU.ActiveCfg = Debug|Any CPU
		{34a0199d-fffa-4a86-3533-6e28c5d95baa}.Debug|Any CPU.Build.0 = Debug|Any CPU
		{c5734177-73c1-02a7-e38b-970722e8541e}.Debug|Any CPU.ActiveCfg = Debug|Any CPU
		{c5734177-73c1-02a7-e38b-970722e8541e}.Debug|Any CPU.Build.0 = Debug|Any CPU
		{d33ca22c-8f89-b0e4-429b-1f5d3d8fd203}.Debug|Any CPU.ActiveCfg = Debug|Any CPU
		{d33ca22c-8f89-b0e4-429b-1f5d3d8fd203}.Debug|Any CPU.Build.0 = Debug|Any CPU
		{bc947e3a-1e85-078b-62f7-d1ffed66b759}.Debug|Any CPU.ActiveCfg = Debug|Any CPU
		{bc947e3a-1e85-078b-62f7-d1ffed66b759}.Debug|Any CPU.Build.0 = Debug|Any CPU
		{53d882d5-9707-82a8-d134-47a14b4d042a}.Debug|Any CPU.ActiveCfg = Debug|Any CPU
		{53d882d5-9707-82a8-d134-47a14b4d042a}.Debug|Any CPU.Build.0 = Debug|Any CPU
		{bbe96f5e-8ebf-2002-be88-5803f029fca1}.Debug|Any CPU.ActiveCfg = Debug|Any CPU
		{bbe96f5e-8ebf-2002-be88-5803f029fca1}.Debug|Any CPU.Build.0 = Debug|Any CPU
		{7b44074c-8054-bd0e-386a-67de99bc1d96}.Debug|Any CPU.ActiveCfg = Debug|Any CPU
		{7b44074c-8054-bd0e-386a-67de99bc1d96}.Debug|Any CPU.Build.0 = Debug|Any CPU
		{6aec089a-596c-129a-7634-54850482ba35}.Debug|Any CPU.ActiveCfg = Debug|Any CPU
		{6aec089a-596c-129a-7634-54850482ba35}.Debug|Any CPU.Build.0 = Debug|Any CPU
		{457e9823-04dc-2f58-8a38-c456bb164828}.Debug|Any CPU.ActiveCfg = Debug|Any CPU
		{457e9823-04dc-2f58-8a38-c456bb164828}.Debug|Any CPU.Build.0 = Debug|Any CPU
		{e3b5a158-a2ed-1aeb-e7bb-ac99d82f0c54}.Debug|Any CPU.ActiveCfg = Debug|Any CPU
		{e3b5a158-a2ed-1aeb-e7bb-ac99d82f0c54}.Debug|Any CPU.Build.0 = Debug|Any CPU
		{8697c4bf-0ed1-4d19-66d1-4479ce8fb4cd}.Debug|Any CPU.ActiveCfg = Debug|Any CPU
		{8697c4bf-0ed1-4d19-66d1-4479ce8fb4cd}.Debug|Any CPU.Build.0 = Debug|Any CPU
		{1492914d-2980-b5e5-0af5-5ed1d53efbf1}.Debug|Any CPU.ActiveCfg = Debug|Any CPU
		{1492914d-2980-b5e5-0af5-5ed1d53efbf1}.Debug|Any CPU.Build.0 = Debug|Any CPU
		{29cb7320-4c5e-dc93-4984-76753300a035}.Debug|Any CPU.ActiveCfg = Debug|Any CPU
		{29cb7320-4c5e-dc93-4984-76753300a035}.Debug|Any CPU.Build.0 = Debug|Any CPU
		{a7033c1e-8832-8969-c2ec-63f58c8a1ac0}.Debug|Any CPU.ActiveCfg = Debug|Any CPU
		{a7033c1e-8832-8969-c2ec-63f58c8a1ac0}.Debug|Any CPU.Build.0 = Debug|Any CPU
		{e1c9901f-d7b1-e77a-84bb-515c59d6026a}.Debug|Any CPU.ActiveCfg = Debug|Any CPU
		{e1c9901f-d7b1-e77a-84bb-515c59d6026a}.Debug|Any CPU.Build.0 = Debug|Any CPU
		{7970f6d7-6069-8b3b-ffad-425adcad0c79}.Debug|Any CPU.ActiveCfg = Debug|Any CPU
		{7970f6d7-6069-8b3b-ffad-425adcad0c79}.Debug|Any CPU.Build.0 = Debug|Any CPU
		{ec4fc860-20ba-aaad-1020-be77615e6d96}.Debug|Any CPU.ActiveCfg = Debug|Any CPU
		{ec4fc860-20ba-aaad-1020-be77615e6d96}.Debug|Any CPU.Build.0 = Debug|Any CPU
		{c329a858-9221-0494-423f-4ee0a42c50e8}.Debug|Any CPU.ActiveCfg = Debug|Any CPU
		{c329a858-9221-0494-423f-4ee0a42c50e8}.Debug|Any CPU.Build.0 = Debug|Any CPU
		{993d330f-b09c-5bba-f81a-77972b9198d0}.Debug|Any CPU.ActiveCfg = Debug|Any CPU
		{993d330f-b09c-5bba-f81a-77972b9198d0}.Debug|Any CPU.Build.0 = Debug|Any CPU
		{c311a7d9-26f0-a5bc-0ac9-f13a91add04f}.Debug|Any CPU.ActiveCfg = Debug|Any CPU
		{c311a7d9-26f0-a5bc-0ac9-f13a91add04f}.Debug|Any CPU.Build.0 = Debug|Any CPU
		{65b0519d-5dd6-7338-3ced-46505b939a7b}.Debug|Any CPU.ActiveCfg = Debug|Any CPU
		{65b0519d-5dd6-7338-3ced-46505b939a7b}.Debug|Any CPU.Build.0 = Debug|Any CPU
		{aa1cc24a-9b95-fec0-6eaf-0b6bddb4e9df}.Debug|Any CPU.ActiveCfg = Debug|Any CPU
		{aa1cc24a-9b95-fec0-6eaf-0b6bddb4e9df}.Debug|Any CPU.Build.0 = Debug|Any CPU
		{87b29fea-4451-cf5f-1a9b-9b73a8a5c37d}.Debug|Any CPU.ActiveCfg = Debug|Any CPU
		{87b29fea-4451-cf5f-1a9b-9b73a8a5c37d}.Debug|Any CPU.Build.0 = Debug|Any CPU
		{b9e465bc-b80e-f068-4dd5-7f73b8ed12f8}.Debug|Any CPU.ActiveCfg = Debug|Any CPU
		{b9e465bc-b80e-f068-4dd5-7f73b8ed12f8}.Debug|Any CPU.Build.0 = Debug|Any CPU
		{850c3af8-0034-b66c-87ea-06aa14853243}.Debug|Any CPU.ActiveCfg = Debug|Any CPU
		{850c3af8-0034-b66c-87ea-06aa14853243}.Debug|Any CPU.Build.0 = Debug|Any CPU
		{2761d976-0f7c-661b-044a-a53f8ad8b513}.Debug|Any CPU.ActiveCfg = Debug|Any CPU
		{2761d976-0f7c-661b-044a-a53f8ad8b513}.Debug|Any CPU.Build.0 = Debug|Any CPU
		{f297e99c-631c-6c6e-c01c-cfc7dddb9271}.Debug|Any CPU.ActiveCfg = Debug|Any CPU
		{f297e99c-631c-6c6e-c01c-cfc7dddb9271}.Debug|Any CPU.Build.0 = Debug|Any CPU
		{49ff1179-e0e9-06cc-b2dc-34ce75221a49}.Debug|Any CPU.ActiveCfg = Debug|Any CPU
		{49ff1179-e0e9-06cc-b2dc-34ce75221a49}.Debug|Any CPU.Build.0 = Debug|Any CPU
		{5757245b-0498-c7f6-6af6-6e619ef5b306}.Debug|Any CPU.ActiveCfg = Debug|Any CPU
		{5757245b-0498-c7f6-6af6-6e619ef5b306}.Debug|Any CPU.Build.0 = Debug|Any CPU
		{344e6235-82b0-3a80-776d-0e98ecb6acaf}.Debug|Any CPU.ActiveCfg = Debug|Any CPU
		{344e6235-82b0-3a80-776d-0e98ecb6acaf}.Debug|Any CPU.Build.0 = Debug|Any CPU
		{8b75a4e9-94f3-ad06-f2d3-6ba0d98aa97c}.Debug|Any CPU.ActiveCfg = Debug|Any CPU
		{8b75a4e9-94f3-ad06-f2d3-6ba0d98aa97c}.Debug|Any CPU.Build.0 = Debug|Any CPU
		{cee1e085-3b6c-90db-3609-2c4b57043284}.Debug|Any CPU.ActiveCfg = Debug|Any CPU
		{cee1e085-3b6c-90db-3609-2c4b57043284}.Debug|Any CPU.Build.0 = Debug|Any CPU
		{3f822566-b4e9-556e-30fe-efbaf9fca0fb}.Debug|Any CPU.ActiveCfg = Debug|Any CPU
		{3f822566-b4e9-556e-30fe-efbaf9fca0fb}.Debug|Any CPU.Build.0 = Debug|Any CPU
		{922dc01b-dae2-f7fc-d8a9-d9634a9f7f78}.Debug|Any CPU.ActiveCfg = Debug|Any CPU
		{922dc01b-dae2-f7fc-d8a9-d9634a9f7f78}.Debug|Any CPU.Build.0 = Debug|Any CPU
		{c1f73a04-b2b2-3e35-a0c0-4e0eed45f05d}.Debug|Any CPU.ActiveCfg = Debug|Any CPU
		{c1f73a04-b2b2-3e35-a0c0-4e0eed45f05d}.Debug|Any CPU.Build.0 = Debug|Any CPU
		{9b97e65a-6d56-3f96-2a31-10ba627d0a67}.Debug|Any CPU.ActiveCfg = Debug|Any CPU
		{9b97e65a-6d56-3f96-2a31-10ba627d0a67}.Debug|Any CPU.Build.0 = Debug|Any CPU
		{f63fa941-cb16-476e-5ea7-4fd84de80e64}.Debug|Any CPU.ActiveCfg = Debug|Any CPU
		{f63fa941-cb16-476e-5ea7-4fd84de80e64}.Debug|Any CPU.Build.0 = Debug|Any CPU
		{07bd4126-2ce2-02e1-f1c9-70eacbae1790}.Debug|Any CPU.ActiveCfg = Debug|Any CPU
		{07bd4126-2ce2-02e1-f1c9-70eacbae1790}.Debug|Any CPU.Build.0 = Debug|Any CPU
		{eb2f4e2f-7cc8-ea41-7f27-aa47ce910739}.Debug|Any CPU.ActiveCfg = Debug|Any CPU
		{eb2f4e2f-7cc8-ea41-7f27-aa47ce910739}.Debug|Any CPU.Build.0 = Debug|Any CPU
		{574a9539-468c-5069-1f35-2ec82bcf0490}.Debug|Any CPU.ActiveCfg = Debug|Any CPU
		{574a9539-468c-5069-1f35-2ec82bcf0490}.Debug|Any CPU.Build.0 = Debug|Any CPU
		{ae630e41-40f6-f700-eedc-85217cc9a49a}.Debug|Any CPU.ActiveCfg = Debug|Any CPU
		{ae630e41-40f6-f700-eedc-85217cc9a49a}.Debug|Any CPU.Build.0 = Debug|Any CPU
		{3db33308-5d75-fdc6-f19e-3ec930f6c5c5}.Debug|Any CPU.ActiveCfg = Debug|Any CPU
		{3db33308-5d75-fdc6-f19e-3ec930f6c5c5}.Debug|Any CPU.Build.0 = Debug|Any CPU
		{56836a2f-c2e6-092b-9109-ed62921f55bc}.Debug|Any CPU.ActiveCfg = Debug|Any CPU
		{56836a2f-c2e6-092b-9109-ed62921f55bc}.Debug|Any CPU.Build.0 = Debug|Any CPU
		{6e67dc4b-19c4-c555-dfaf-c2ad5192664f}.Debug|Any CPU.ActiveCfg = Debug|Any CPU
		{6e67dc4b-19c4-c555-dfaf-c2ad5192664f}.Debug|Any CPU.Build.0 = Debug|Any CPU
	EndGlobalSection
	GlobalSection(SolutionProperties) = preSolution
		HideSolutionNode = FALSE
	EndGlobalSection
EndGlobal
